{
  "name": "PiniF 2",
  "lockfileVersion": 2,
  "requires": true,
  "packages": {
    "": {
      "dependencies": {
        "leaflet-search": "^3.0.5"
      }
    },
    "node_modules/leaflet": {
      "version": "1.9.3",
      "resolved": "https://registry.npmjs.org/leaflet/-/leaflet-1.9.3.tgz",
      "integrity": "sha512-iB2cR9vAkDOu5l3HAay2obcUHZ7xwUBBjph8+PGtmW/2lYhbLizWtG7nTeYht36WfOslixQF9D/uSIzhZgGMfQ=="
    },
    "node_modules/leaflet-search": {
      "version": "3.0.5",
      "resolved": "https://registry.npmjs.org/leaflet-search/-/leaflet-search-3.0.5.tgz",
      "integrity": "sha512-h31vNAm8+1H01o8DoEf5R2CbELaQJEv7KIyoWRr3IjSLHzhwra08WkiRSffJi5XYg1THd62csQ3jJ023lhhxGQ==",
      "dependencies": {
        "leaflet": "*"
      }
    }
  },
  "dependencies": {
    "leaflet": {
      "version": "1.9.3",
      "resolved": "https://registry.npmjs.org/leaflet/-/leaflet-1.9.3.tgz",
      "integrity": "sha512-iB2cR9vAkDOu5l3HAay2obcUHZ7xwUBBjph8+PGtmW/2lYhbLizWtG7nTeYht36WfOslixQF9D/uSIzhZgGMfQ=="
    },
    "leaflet-search": {
      "version": "3.0.5",
      "resolved": "https://registry.npmjs.org/leaflet-search/-/leaflet-search-3.0.5.tgz",
      "integrity": "sha512-h31vNAm8+1H01o8DoEf5R2CbELaQJEv7KIyoWRr3IjSLHzhwra08WkiRSffJi5XYg1THd62csQ3jJ023lhhxGQ==",
      "requires": {
        "leaflet": "*"
      }
    }
  }
}
